// !$*UTF8*$!
{
	archiveVersion = 1;
	classes = {
	};
	objectVersion = 46;
	objects = {

/* Begin PBXBuildFile section */
		047DC9A91C0B003A00B46BF3 /* AppDelegate.swift in Sources */ = {isa = PBXBuildFile; fileRef = 047DC9A81C0B003A00B46BF3 /* AppDelegate.swift */; };
		047DC9AB1C0B003A00B46BF3 /* ViewController.swift in Sources */ = {isa = PBXBuildFile; fileRef = 047DC9AA1C0B003A00B46BF3 /* ViewController.swift */; };
		047DC9AE1C0B003A00B46BF3 /* Main.storyboard in Resources */ = {isa = PBXBuildFile; fileRef = 047DC9AC1C0B003A00B46BF3 /* Main.storyboard */; };
		047DC9B01C0B003A00B46BF3 /* Assets.xcassets in Resources */ = {isa = PBXBuildFile; fileRef = 047DC9AF1C0B003A00B46BF3 /* Assets.xcassets */; };
		047DC9B31C0B003A00B46BF3 /* LaunchScreen.storyboard in Resources */ = {isa = PBXBuildFile; fileRef = 047DC9B11C0B003A00B46BF3 /* LaunchScreen.storyboard */; };
/* End PBXBuildFile section */

/* Begin PBXFileReference section */
		047DC9A51C0B003A00B46BF3 /* LoopScrollView.app */ = {isa = PBXFileReference; explicitFileType = wrapper.application; includeInIndex = 0; path = LoopScrollView.app; sourceTree = BUILT_PRODUCTS_DIR; };
		047DC9A81C0B003A00B46BF3 /* AppDelegate.swift */ = {isa = PBXFileReference; lastKnownFileType = sourcecode.swift; path = AppDelegate.swift; sourceTree = "<group>"; };
		047DC9AA1C0B003A00B46BF3 /* ViewController.swift */ = {isa = PBXFileReference; lastKnownFileType = sourcecode.swift; path = ViewController.swift; sourceTree = "<group>"; };
		047DC9AD1C0B003A00B46BF3 /* Base */ = {isa = PBXFileReference; lastKnownFileType = file.storyboard; name = Base; path = Base.lproj/Main.storyboard; sourceTree = "<group>"; };
		047DC9AF1C0B003A00B46BF3 /* Assets.xcassets */ = {isa = PBXFileReference; lastKnownFileType = folder.assetcatalog; path = Assets.xcassets; sourceTree = "<group>"; };
		047DC9B21C0B003A00B46BF3 /* Base */ = {isa = PBXFileReference; lastKnownFileType = file.storyboard; name = Base; path = Base.lproj/LaunchScreen.storyboard; sourceTree = "<group>"; };
		047DC9B41C0B003A00B46BF3 /* Info.plist */ = {isa = PBXFileReference; lastKnownFileType = text.plist.xml; path = Info.plist; sourceTree = "<group>"; };
/* End PBXFileReference section */

/* Begin PBXFrameworksBuildPhase section */
		047DC9A21C0B003A00B46BF3 /* Frameworks */ = {
			isa = PBXFrameworksBuildPhase;
			buildActionMask = 2147483647;
			files = (
			);
			runOnlyForDeploymentPostprocessing = 0;
		};
/* End PBXFrameworksBuildPhase section */

/* Begin PBXGroup section */
		047DC99C1C0B003A00B46BF3 = {
			isa = PBXGroup;
			children = (
				047DC9A71C0B003A00B46BF3 /* LoopScrollView */,
				047DC9A61C0B003A00B46BF3 /* Products */,
			);
			sourceTree = "<group>";
		};
		047DC9A61C0B003A00B46BF3 /* Products */ = {
			isa = PBXGroup;
			children = (
				047DC9A51C0B003A00B46BF3 /* LoopScrollView.app */,
			);
			name = Products;
			sourceTree = "<group>";
		};
		047DC9A71C0B003A00B46BF3 /* LoopScrollView */ = {
			isa = PBXGroup;
			children = (
				047DC9A81C0B003A00B46BF3 /* AppDelegate.swift */,
				047DC9AA1C0B003A00B46BF3 /* ViewController.swift */,
				047DC9AC1C0B003A00B46BF3 /* Main.storyboard */,
				047DC9AF1C0B003A00B46BF3 /* Assets.xcassets */,
				047DC9B11C0B003A00B46BF3 /* LaunchScreen.storyboard */,
				047DC9B41C0B003A00B46BF3 /* Info.plist */,
			);
			path = LoopScrollView;
			sourceTree = "<group>";
		};
/* End PBXGroup section */

/* Begin PBXNativeTarget section */
		047DC9A41C0B003A00B46BF3 /* LoopScrollView */ = {
			isa = PBXNativeTarget;
			buildConfigurationList = 047DC9B71C0B003A00B46BF3 /* Build configuration list for PBXNativeTarget "LoopScrollView" */;
			buildPhases = (
				047DC9A11C0B003A00B46BF3 /* Sources */,
				047DC9A21C0B003A00B46BF3 /* Frameworks */,
				047DC9A31C0B003A00B46BF3 /* Resources */,
			);
			buildRules = (
			);
			dependencies = (
			);
			name = LoopScrollView;
			productName = LoopScrollView;
			productReference = 047DC9A51C0B003A00B46BF3 /* LoopScrollView.app */;
			productType = "com.apple.product-type.application";
		};
/* End PBXNativeTarget section */

/* Begin PBXProject section */
		047DC99D1C0B003A00B46BF3 /* Project object */ = {
			isa = PBXProject;
			attributes = {
				LastSwiftUpdateCheck = 0710;
				LastUpgradeCheck = 0710;
				ORGANIZATIONNAME = mc;
				TargetAttributes = {
					047DC9A41C0B003A00B46BF3 = {
						CreatedOnToolsVersion = 7.1;
						DevelopmentTeam = D8RJFY6RH2;
					};
				};
			};
			buildConfigurationList = 047DC9A01C0B003A00B46BF3 /* Build configuration list for PBXProject "LoopScrollView" */;
			compatibilityVersion = "Xcode 3.2";
			developmentRegion = English;
			hasScannedForEncodings = 0;
			knownRegions = (
				en,
				Base,
			);
			mainGroup = 047DC99C1C0B003A00B46BF3;
			productRefGroup = 047DC9A61C0B003A00B46BF3 /* Products */;
			projectDirPath = "";
			projectRoot = "";
			targets = (
				047DC9A41C0B003A00B46BF3 /* LoopScrollView */,
			);
		};
/* End PBXProject section */

/* Begin PBXResourcesBuildPhase section */
		047DC9A31C0B003A00B46BF3 /* Resources */ = {
			isa = PBXResourcesBuildPhase;
			buildActionMask = 2147483647;
			files = (
				047DC9B31C0B003A00B46BF3 /* LaunchScreen.storyboard in Resources */,
				047DC9B01C0B003A00B46BF3 /* Assets.xcassets in Resources */,
				047DC9AE1C0B003A00B46BF3 /* Main.storyboard in Resources */,
			);
			runOnlyForDeploymentPostprocessing = 0;
		};
/* End PBXResourcesBuildPhase section */

/* Begin PBXSourcesBuildPhase section */
		047DC9A11C0B003A00B46BF3 /* Sources */ = {
			isa = PBXSourcesBuildPhase;
			buildActionMask = 2147483647;
			files = (
				047DC9AB1C0B003A00B46BF3 /* ViewController.swift in Sources */,
				047DC9A91C0B003A00B46BF3 /* AppDelegate.swift in Sources */,
			);
			runOnlyForDeploymentPostprocessing = 0;
		};
/* End PBXSourcesBuildPhase section */

/* Begin PBXVariantGroup section */
		047DC9AC1C0B003A00B46BF3 /* Main.storyboard */ = {
			isa = PBXVariantGroup;
			children = (
				047DC9AD1C0B003A00B46BF3 /* Base */,
			);
			name = Main.storyboard;
			sourceTree = "<group>";
		};
		047DC9B11C0B003A00B46BF3 /* LaunchScreen.storyboard */ = {
			isa = PBXVariantGroup;
			children = (
				047DC9B21C0B003A00B46BF3 /* Base */,
			);
			name = LaunchScreen.storyboard;
			sourceTree = "<group>";
		};
/* End PBXVariantGroup section */

/* Begin XCBuildConfiguration section */
		047DC9B51C0B003A00B46BF3 /* Debug */ = {
			isa = XCBuildConfiguration;
			buildSettings = {
				ALWAYS_SEARCH_USER_PATHS = NO;
				CLANG_CXX_LANGUAGE_STANDARD = "gnu++0x";
				CLANG_CXX_LIBRARY = "libc++";
				CLANG_ENABLE_MODULES = YES;
				CLANG_ENABLE_OBJC_ARC = YES;
				CLANG_WARN_BOOL_CONVERSION = YES;
				CLANG_WARN_CONSTANT_CONVERSION = YES;
				CLANG_WARN_DIRECT_OBJC_ISA_USAGE = YES_ERROR;
				CLANG_WARN_EMPTY_BODY = YES;
				CLANG_WARN_ENUM_CONVERSION = YES;
				CLANG_WARN_INT_CONVERSION = YES;
				CLANG_WARN_OBJC_ROOT_CLASS = YES_ERROR;
				CLANG_WARN_UNREACHABLE_CODE = YES;
				CLANG_WARN__DUPLICATE_METHOD_MATCH = YES;
				"CODE_SIGN_IDENTITY[sdk=iphoneos*]" = "iPhone Developer";
				COPY_PHASE_STRIP = NO;
				DEBUG_INFORMATION_FORMAT = dwarf;
				ENABLE_STRICT_OBJC_MSGSEND = YES;
				ENABLE_TESTABILITY = YES;
				GCC_C_LANGUAGE_STANDARD = gnu99;
				GCC_DYNAMIC_NO_PIC = NO;
				GCC_NO_COMMON_BLOCKS = YES;
				GCC_OPTIMIZATION_LEVEL = 0;
				GCC_PREPROCESSOR_DEFINITIONS = (
					"DEBUG=1",
					"$(inherited)",
				);
				GCC_WARN_64_TO_32_BIT_CONVERSION = YES;
				GCC_WARN_ABOUT_RETURN_TYPE = YES_ERROR;
				GCC_WARN_UNDECLARED_SELECTOR = YES;
				GCC_WARN_UNINITIALIZED_AUTOS = YES_AGGRESSIVE;
				GCC_WARN_UNUSED_FUNCTION = YES;
				GCC_WARN_UNUSED_VARIABLE = YES;
				IPHONEOS_DEPLOYMENT_TARGET = 9.1;
				MTL_ENABLE_DEBUG_INFO = YES;
				ONLY_ACTIVE_ARCH = YES;
				SDKROOT = iphoneos;
				SWIFT_OPTIMIZATION_LEVEL = "-Onone";
			};
			name = Debug;
		};
		047DC9B61C0B003A00B46BF3 /* Release */ = {
			isa = XCBuildConfiguration;
			buildSettings = {
				ALWAYS_SEARCH_USER_PATHS = NO;
				CLANG_CXX_LANGUAGE_STANDARD = "gnu++0x";
				CLANG_CXX_LIBRARY = "libc++";
				CLANG_ENABLE_MODULES = YES;
				CLANG_ENABLE_OBJC_ARC = YES;
				CLANG_WARN_BOOL_CONVERSION = YES;
				CLANG_WARN_CONSTANT_CONVERSION = YES;
				CLANG_WARN_DIRECT_OBJC_ISA_USAGE = YES_ERROR;
				CLANG_WARN_EMPTY_BODY = YES;
				CLANG_WARN_ENUM_CONVERSION = YES;
				CLANG_WARN_INT_CONVERSION = YES;
				CLANG_WARN_OBJC_ROOT_CLASS = YES_ERROR;
				CLANG_WARN_UNREACHABLE_CODE = YES;
				CLANG_WARN__DUPLICATE_METHOD_MATCH = YES;
				"CODE_SIGN_IDENTITY[sdk=iphoneos*]" = "iPhone Developer";
				COPY_PHASE_STRIP = NO;
				DEBUG_INFORMATION_FORMAT = "dwarf-with-dsym";
				ENABLE_NS_ASSERTIONS = NO;
				ENABLE_STRICT_OBJC_MSGSEND = YES;
				GCC_C_LANGUAGE_STANDARD = gnu99;
				GCC_NO_COMMON_BLOCKS = YES;
				GCC_WARN_64_TO_32_BIT_CONVERSION = YES;
				GCC_WARN_ABOUT_RETURN_TYPE = YES_ERROR;
				GCC_WARN_UNDECLARED_SELECTOR = YES;
				GCC_WARN_UNINITIALIZED_AUTOS = YES_AGGRESSIVE;
				GCC_WARN_UNUSED_FUNCTION = YES;
				GCC_WARN_UNUSED_VARIABLE = YES;
				IPHONEOS_DEPLOYMENT_TARGET = 9.1;
				MTL_ENABLE_DEBUG_INFO = NO;
				SDKROOT = iphoneos;
				VALIDATE_PRODUCT = YES;
			};
			name = Release;
		};
		047DC9B81C0B003A00B46BF3 /* Debug */ = {
			isa = XCBuildConfiguration;
			buildSettings = {
				ASSETCATALOG_COMPILER_APPICON_NAME = AppIcon;
				DEVELOPMENT_TEAM = D8RJFY6RH2;
				INFOPLIST_FILE = LoopScrollView/Info.plist;
				IPHONEOS_DEPLOYMENT_TARGET = 8.0;
				LD_RUNPATH_SEARCH_PATHS = "$(inherited) @executable_path/Frameworks";
				PRODUCT_BUNDLE_IDENTIFIER = com.mjc.LoopScrollView;
				PRODUCT_NAME = "$(TARGET_NAME)";
				SWIFT_VERSION = 4.0;
			};
			name = Debug;
		};
		047DC9B91C0B003A00B46BF3 /* Release */ = {
			isa = XCBuildConfiguration;
			buildSettings = {
				ASSETCATALOG_COMPILER_APPICON_NAME = AppIcon;
				DEVELOPMENT_TEAM = D8RJFY6RH2;
				INFOPLIST_FILE = LoopScrollView/Info.plist;
				IPHONEOS_DEPLOYMENT_TARGET = 8.0;
				LD_RUNPATH_SEARCH_PATHS = "$(inherited) @executable_path/Frameworks";
				PRODUCT_BUNDLE_IDENTIFIER = com.mjc.LoopScrollView;
				PRODUCT_NAME = "$(TARGET_NAME)";
				SWIFT_VERSION = 4.0;
			};
			name = Release;
		};
/* End XCBuildConfiguration section */

/* Begin XCConfigurationList section */
		047DC9A01C0B003A00B46BF3 /* Build configuration list for PBXProject "LoopScrollView" */ = {
			isa = XCConfigurationList;
			buildConfigurations = (
				047DC9B51C0B003A00B46BF3 /* Debug */,
				047DC9B61C0B003A00B46BF3 /* Release */,
			);
			defaultConfigurationIsVisible = 0;
			defaultConfigurationName = Release;
		};
		047DC9B71C0B003A00B46BF3 /* Build configuration list for PBXNativeTarget "LoopScrollView" */ = {
			isa = XCConfigurationList;
			buildConfigurations = (
				047DC9B81C0B003A00B46BF3 /* Debug */,
				047DC9B91C0B003A00B46BF3 /* Release */,
			);
			defaultConfigurationIsVisible = 0;
			defaultConfigurationName = Release;
		};
/* End XCConfigurationList section */
	};
	rootObject = 047DC99D1C0B003A00B46BF3 /* Project object */;
}
